
Microsoft Visual Studio Solution File, Format Version 12.00
# Visual Studio Version 17
VisualStudioVersion = 17.8.34330.188
MinimumVisualStudioVersion = 10.0.40219.1
Project("{9A19103F-16F7-4668-BE54-9A1E7A4F7556}") = "ChessLogic", "ChessLogic\ChessLogic.csproj", "{ECE0DFC8-1E84-4E46-8F21-4AE393537025}"
EndProject
Project("{FAE04EC0-301F-11D3-BF4B-00C04F79EFBC}") = "ChessUI", "ChessUI\ChessUI.csproj", "{EE394ADF-0DAD-4423-9186-8F325F2CBB2E}"
EndProject
Global
	GlobalSection(SolutionConfigurationPlatforms) = preSolution
		Debug|Any CPU = Debug|Any CPU
		Release|Any CPU = Release|Any CPU
	EndGlobalSection
	GlobalSection(ProjectConfigurationPlatforms) = postSolution
		{ECE0DFC8-1E84-4E46-8F21-4AE393537025}.Debug|Any CPU.ActiveCfg = Debug|Any CPU
		{ECE0DFC8-1E84-4E46-8F21-4AE393537025}.Debug|Any CPU.Build.0 = Debug|Any CPU
		{ECE0DFC8-1E84-4E46-8F21-4AE393537025}.Release|Any CPU.ActiveCfg = Release|Any CPU
		{ECE0DFC8-1E84-4E46-8F21-4AE393537025}.Release|Any CPU.Build.0 = Release|Any CPU
		{EE394ADF-0DAD-4423-9186-8F325F2CBB2E}.Debug|Any CPU.ActiveCfg = Debug|Any CPU
		{EE394ADF-0DAD-4423-9186-8F325F2CBB2E}.Debug|Any CPU.Build.0 = Debug|Any CPU
		{EE394ADF-0DAD-4423-9186-8F325F2CBB2E}.Release|Any CPU.ActiveCfg = Release|Any CPU
		{EE394ADF-0DAD-4423-9186-8F325F2CBB2E}.Release|Any CPU.Build.0 = Release|Any CPU
	EndGlobalSection
	GlobalSection(SolutionProperties) = preSolution
		HideSolutionNode = FALSE
	EndGlobalSection
	GlobalSection(ExtensibilityGlobals) = postSolution
		SolutionGuid = {DF608E82-DCFD-4FDC-8B77-F426971852BB}
	EndGlobalSection
EndGlobal
